<?xml version="1.0" encoding="UTF-8"?>
<Project ToolsVersion="14.0" xmlns="http://schemas.microsoft.com/developer/msbuild/2003">
  <ItemGroup>
    <CustomBuild Include="C:\Users\buche\Documents\Git\BFH-CPVR\C++\CPP_Projects_WIN_build\CMakeFiles\1c1df40140ce57cb49b46ae9b347112a\generate.stamp.rule">
      <Filter>CMake Rules</Filter>
    </CustomBuild>
  </ItemGroup>
  <ItemGroup>
    <Filter Include="CMake Rules">
      <UniqueIdentifier>{68B8E198-597B-3FA2-AC3D-068FB71DA32D}</UniqueIdentifier>
    </Filter>
  </ItemGroup>
</Project>
